
Microsoft Visual Studio Solution File, Format Version 12.00
Project("{FAE04EC0-301F-11D3-BF4B-00C04F79EFBC}") = "uPlotBlazorWrapper", "uPlotBlazorWrapper\uPlotBlazorWrapper.csproj", "{6E67D4E4-BFE3-493C-9ECB-8982D1FFD3C6}"
EndProject
Project("{FAE04EC0-301F-11D3-BF4B-00C04F79EFBC}") = "Demo", "Demo\Demo.csproj", "{107508F6-294D-4ED5-9CE9-48EC257E2207}"
EndProject
Global
	GlobalSection(SolutionConfigurationPlatforms) = preSolution
		Debug|Any CPU = Debug|Any CPU
		Release|Any CPU = Release|Any CPU
	EndGlobalSection
	GlobalSection(ProjectConfigurationPlatforms) = postSolution
		{6E67D4E4-BFE3-493C-9ECB-8982D1FFD3C6}.Debug|Any CPU.ActiveCfg = Debug|Any CPU
		{6E67D4E4-BFE3-493C-9ECB-8982D1FFD3C6}.Debug|Any CPU.Build.0 = Debug|Any CPU
		{6E67D4E4-BFE3-493C-9ECB-8982D1FFD3C6}.Release|Any CPU.ActiveCfg = Release|Any CPU
		{6E67D4E4-BFE3-493C-9ECB-8982D1FFD3C6}.Release|Any CPU.Build.0 = Release|Any CPU
		{107508F6-294D-4ED5-9CE9-48EC257E2207}.Debug|Any CPU.ActiveCfg = Debug|Any CPU
		{107508F6-294D-4ED5-9CE9-48EC257E2207}.Debug|Any CPU.Build.0 = Debug|Any CPU
		{107508F6-294D-4ED5-9CE9-48EC257E2207}.Release|Any CPU.ActiveCfg = Release|Any CPU
		{107508F6-294D-4ED5-9CE9-48EC257E2207}.Release|Any CPU.Build.0 = Release|Any CPU
	EndGlobalSection
EndGlobal
